
Microsoft Visual Studio Solution File, Format Version 12.00
# Visual Studio Version 16
VisualStudioVersion = 16.0.31911.196
MinimumVisualStudioVersion = 10.0.40219.1
Project("{9A19103F-16F7-4668-BE54-9A1E7A4F7556}") = "AIFinalOdevi", "AIFinalOdevi\AIFinalOdevi.csproj", "{B60C0885-ED41-4A00-842B-08E351A4A626}"
EndProject
Project("{9A19103F-16F7-4668-BE54-9A1E7A4F7556}") = "MLModel1_Hesaplama", "MLModel1_Hesaplama\MLModel1_Hesaplama.csproj", "{70BE5FD8-9E40-4599-960C-0FE742409E86}"
EndProject
Global
	GlobalSection(SolutionConfigurationPlatforms) = preSolution
		Debug|Any CPU = Debug|Any CPU
		Release|Any CPU = Release|Any CPU
	EndGlobalSection
	GlobalSection(ProjectConfigurationPlatforms) = postSolution
		{B60C0885-ED41-4A00-842B-08E351A4A626}.Debug|Any CPU.ActiveCfg = Debug|Any CPU
		{B60C0885-ED41-4A00-842B-08E351A4A626}.Debug|Any CPU.Build.0 = Debug|Any CPU
		{B60C0885-ED41-4A00-842B-08E351A4A626}.Release|Any CPU.ActiveCfg = Release|Any CPU
		{B60C0885-ED41-4A00-842B-08E351A4A626}.Release|Any CPU.Build.0 = Release|Any CPU
		{70BE5FD8-9E40-4599-960C-0FE742409E86}.Debug|Any CPU.ActiveCfg = Debug|Any CPU
		{70BE5FD8-9E40-4599-960C-0FE742409E86}.Debug|Any CPU.Build.0 = Debug|Any CPU
		{70BE5FD8-9E40-4599-960C-0FE742409E86}.Release|Any CPU.ActiveCfg = Release|Any CPU
		{70BE5FD8-9E40-4599-960C-0FE742409E86}.Release|Any CPU.Build.0 = Release|Any CPU
	EndGlobalSection
	GlobalSection(SolutionProperties) = preSolution
		HideSolutionNode = FALSE
	EndGlobalSection
	GlobalSection(ExtensibilityGlobals) = postSolution
		SolutionGuid = {E1051C23-0ABC-4FD0-9702-DE670319254A}
	EndGlobalSection
EndGlobal
